
Microsoft Visual Studio Solution File, Format Version 12.00
# Visual Studio Version 17
VisualStudioVersion = 17.5.002.0
MinimumVisualStudioVersion = 10.0.40219.1
Project("{FAE04EC0-301F-11D3-BF4B-00C04F79EFBC}") = "bosche.mes.processapplication", "bosche.mes.processapplication\bosche.mes.processapplication.csproj", "{7E146C77-BB8A-4DC4-BC14-C92A1A9841F1}"
EndProject
Global
	GlobalSection(SolutionConfigurationPlatforms) = preSolution
		Debug|Any CPU = Debug|Any CPU
		Release|Any CPU = Release|Any CPU
	EndGlobalSection
	GlobalSection(ProjectConfigurationPlatforms) = postSolution
		{7E146C77-BB8A-4DC4-BC14-C92A1A9841F1}.Debug|Any CPU.ActiveCfg = Debug|Any CPU
		{7E146C77-BB8A-4DC4-BC14-C92A1A9841F1}.Debug|Any CPU.Build.0 = Debug|Any CPU
		{7E146C77-BB8A-4DC4-BC14-C92A1A9841F1}.Release|Any CPU.ActiveCfg = Release|Any CPU
		{7E146C77-BB8A-4DC4-BC14-C92A1A9841F1}.Release|Any CPU.Build.0 = Release|Any CPU
	EndGlobalSection
	GlobalSection(SolutionProperties) = preSolution
		HideSolutionNode = FALSE
	EndGlobalSection
EndGlobal
